
Microsoft Visual Studio Solution File, Format Version 12.00
# Visual Studio Version 16
VisualStudioVersion = 16.0.31702.278
MinimumVisualStudioVersion = 10.0.40219.1
Project("{FAE04EC0-301F-11D3-BF4B-00C04F79EFBC}") = "MoodAnalyser", "MoodAnalyser\MoodAnalyser.csproj", "{5498A5B6-ECCC-424C-914D-6BF9582A9A43}"
EndProject
Project("{FAE04EC0-301F-11D3-BF4B-00C04F79EFBC}") = "TestMoodAnalysis", "TestMoodAnalysis\TestMoodAnalysis.csproj", "{F5C02404-15CA-474F-93E4-4D5516A62C0F}"
EndProject
Global
	GlobalSection(SolutionConfigurationPlatforms) = preSolution
		Debug|Any CPU = Debug|Any CPU
		Release|Any CPU = Release|Any CPU
	EndGlobalSection
	GlobalSection(ProjectConfigurationPlatforms) = postSolution
		{5498A5B6-ECCC-424C-914D-6BF9582A9A43}.Debug|Any CPU.ActiveCfg = Debug|Any CPU
		{5498A5B6-ECCC-424C-914D-6BF9582A9A43}.Debug|Any CPU.Build.0 = Debug|Any CPU
		{5498A5B6-ECCC-424C-914D-6BF9582A9A43}.Release|Any CPU.ActiveCfg = Release|Any CPU
		{5498A5B6-ECCC-424C-914D-6BF9582A9A43}.Release|Any CPU.Build.0 = Release|Any CPU
		{F5C02404-15CA-474F-93E4-4D5516A62C0F}.Debug|Any CPU.ActiveCfg = Debug|Any CPU
		{F5C02404-15CA-474F-93E4-4D5516A62C0F}.Debug|Any CPU.Build.0 = Debug|Any CPU
		{F5C02404-15CA-474F-93E4-4D5516A62C0F}.Release|Any CPU.ActiveCfg = Release|Any CPU
		{F5C02404-15CA-474F-93E4-4D5516A62C0F}.Release|Any CPU.Build.0 = Release|Any CPU
	EndGlobalSection
	GlobalSection(SolutionProperties) = preSolution
		HideSolutionNode = FALSE
	EndGlobalSection
	GlobalSection(ExtensibilityGlobals) = postSolution
		SolutionGuid = {0156FAEF-CE2F-410B-B242-A191EB9F19C1}
	EndGlobalSection
EndGlobal
